
Microsoft Visual Studio Solution File, Format Version 12.00
# Visual Studio Version 16
VisualStudioVersion = 25.0.1706.7
MinimumVisualStudioVersion = 10.0.40219.1
Project("{FAE04EC0-301F-11D3-BF4B-00C04F79EFBC}") = "INTERVIEW.CRUD", "INTERVIEW.CRUD\INTERVIEW.CRUD.csproj", "{015E6DA2-5D46-4F6D-9C22-20D9F86F52E8}"
EndProject
Global
	GlobalSection(SolutionConfigurationPlatforms) = preSolution
		Debug|Any CPU = Debug|Any CPU
		Release|Any CPU = Release|Any CPU
	EndGlobalSection
	GlobalSection(ProjectConfigurationPlatforms) = postSolution
		{015E6DA2-5D46-4F6D-9C22-20D9F86F52E8}.Debug|Any CPU.ActiveCfg = Debug|Any CPU
		{015E6DA2-5D46-4F6D-9C22-20D9F86F52E8}.Debug|Any CPU.Build.0 = Debug|Any CPU
		{015E6DA2-5D46-4F6D-9C22-20D9F86F52E8}.Release|Any CPU.ActiveCfg = Release|Any CPU
		{015E6DA2-5D46-4F6D-9C22-20D9F86F52E8}.Release|Any CPU.Build.0 = Release|Any CPU
	EndGlobalSection
	GlobalSection(SolutionProperties) = preSolution
		HideSolutionNode = FALSE
	EndGlobalSection
	GlobalSection(ExtensibilityGlobals) = postSolution
		SolutionGuid = {9C3953CF-4888-44E3-ADAE-1E36960AC41E}
	EndGlobalSection
EndGlobal
